<?xml version="1.0" encoding="UTF-8" standalone="yes" ?>
<CodeBlocks_project_file>
	<FileVersion major="1" minor="6" />
	<Project>
		<Option title="Evolucao Diferencial Binaria" />
		<Option pch_mode="2" />
		<Option compiler="gcc" />
		<Build>
			<Target title="Debug">
				<Option output="bin/Debug/Evolucao Diferencial Binaria" prefix_auto="1" extension_auto="1" />
				<Option object_output="obj/Debug/" />
				<Option type="1" />
				<Option compiler="gcc" />
				<Compiler>
					<Add option="-g" />
				</Compiler>
			</Target>
			<Target title="Release">
				<Option output="bin/Release/Evolucao Diferencial Binaria" prefix_auto="1" extension_auto="1" />
				<Option object_output="obj/Release/" />
				<Option type="1" />
				<Option compiler="gcc" />
				<Compiler>
					<Add option="-O2" />
				</Compiler>
				<Linker>
					<Add option="-s" />
				</Linker>
			</Target>
		</Build>
		<Compiler>
			<Add option="-Wall" />
		</Compiler>
		<Unit filename="Aleatorio.c">
			<Option compilerVar="CC" />
		</Unit>
		<Unit filename="AlgoritmoEDB.c">
			<Option compilerVar="CC" />
		</Unit>
		<Unit filename="DadosIO.c">
			<Option compilerVar="CC" />
		</Unit>
		<Unit filename="Fitness.c">
			<Option compilerVar="CC" />
		</Unit>
		<Unit filename="Medidor.c">
			<Option compilerVar="CC" />
		</Unit>
		<Unit filename="Otimizacoes.c">
			<Option compilerVar="CC" />
		</Unit>
		<Unit filename="include/aleatorio.h" />
		<Unit filename="include/dadosIO.h" />
		<Unit filename="include/fitness.h" />
		<Unit filename="include/medidor.h" />
		<Unit filename="include/otimizacoes.h" />
		<Unit filename="pseudocodigo EDB.txt">
			<Option target="Debug" />
		</Unit>
		<Unit filename="pseudocodigo.c">
			<Option compilerVar="CC" />
		</Unit>
		<Unit filename="testes1.c">
			<Option compilerVar="CC" />
		</Unit>
		<Extensions>
			<code_completion />
			<debugger />
		</Extensions>
	</Project>
</CodeBlocks_project_file>
